
Microsoft Visual Studio Solution File, Format Version 12.00
# Visual Studio Version 17
VisualStudioVersion = 17.13.35825.156 d17.13
MinimumVisualStudioVersion = 10.0.40219.1
Project("{FAE04EC0-301F-11D3-BF4B-00C04F79EFBC}") = "emSigner_Webhook", "emSigner_Webhook.csproj", "{2E2E274D-D54D-4F73-99AF-5F0D9B66F019}"
EndProject
Global
	GlobalSection(SolutionConfigurationPlatforms) = preSolution
		Debug|Any CPU = Debug|Any CPU
		Release|Any CPU = Release|Any CPU
	EndGlobalSection
	GlobalSection(ProjectConfigurationPlatforms) = postSolution
		{2E2E274D-D54D-4F73-99AF-5F0D9B66F019}.Debug|Any CPU.ActiveCfg = Debug|Any CPU
		{2E2E274D-D54D-4F73-99AF-5F0D9B66F019}.Debug|Any CPU.Build.0 = Debug|Any CPU
		{2E2E274D-D54D-4F73-99AF-5F0D9B66F019}.Release|Any CPU.ActiveCfg = Release|Any CPU
		{2E2E274D-D54D-4F73-99AF-5F0D9B66F019}.Release|Any CPU.Build.0 = Release|Any CPU
	EndGlobalSection
	GlobalSection(SolutionProperties) = preSolution
		HideSolutionNode = FALSE
	EndGlobalSection
	GlobalSection(ExtensibilityGlobals) = postSolution
		SolutionGuid = {1BA5A6E6-D724-455F-9190-4DCB509355D9}
	EndGlobalSection
EndGlobal
